
Microsoft Visual Studio Solution File, Format Version 12.00
# Visual Studio Version 17
VisualStudioVersion = 17.8.34309.116
MinimumVisualStudioVersion = 10.0.40219.1
Project("{FAE04EC0-301F-11D3-BF4B-00C04F79EFBC}") = "GitHubSpeedrun2", "GitHubSpeedrun2.csproj", "{B27A0B3F-ACBF-427D-B57F-3A7A9D695F2B}"
EndProject
Global
	GlobalSection(SolutionConfigurationPlatforms) = preSolution
		Debug|Any CPU = Debug|Any CPU
		Release|Any CPU = Release|Any CPU
	EndGlobalSection
	GlobalSection(ProjectConfigurationPlatforms) = postSolution
		{B27A0B3F-ACBF-427D-B57F-3A7A9D695F2B}.Debug|Any CPU.ActiveCfg = Debug|Any CPU
		{B27A0B3F-ACBF-427D-B57F-3A7A9D695F2B}.Debug|Any CPU.Build.0 = Debug|Any CPU
		{B27A0B3F-ACBF-427D-B57F-3A7A9D695F2B}.Release|Any CPU.ActiveCfg = Release|Any CPU
		{B27A0B3F-ACBF-427D-B57F-3A7A9D695F2B}.Release|Any CPU.Build.0 = Release|Any CPU
	EndGlobalSection
	GlobalSection(SolutionProperties) = preSolution
		HideSolutionNode = FALSE
	EndGlobalSection
	GlobalSection(ExtensibilityGlobals) = postSolution
		SolutionGuid = {0E2D0C7E-CFFB-4996-8082-CDCBA795AA5A}
	EndGlobalSection
EndGlobal
